
Microsoft Visual Studio Solution File, Format Version 12.00
# Visual Studio Version 17
VisualStudioVersion = 17.6.33829.357
MinimumVisualStudioVersion = 10.0.40219.1
Project("{FAE04EC0-301F-11D3-BF4B-00C04F79EFBC}") = "ParentBookingAPI", "ParentBookingAPI.csproj", "{C42EB2B7-2C0D-43B0-96A6-201774DFC19F}"
EndProject
Global
	GlobalSection(SolutionConfigurationPlatforms) = preSolution
		Debug|Any CPU = Debug|Any CPU
		Release|Any CPU = Release|Any CPU
	EndGlobalSection
	GlobalSection(ProjectConfigurationPlatforms) = postSolution
		{C42EB2B7-2C0D-43B0-96A6-201774DFC19F}.Debug|Any CPU.ActiveCfg = Debug|Any CPU
		{C42EB2B7-2C0D-43B0-96A6-201774DFC19F}.Debug|Any CPU.Build.0 = Debug|Any CPU
		{C42EB2B7-2C0D-43B0-96A6-201774DFC19F}.Release|Any CPU.ActiveCfg = Release|Any CPU
		{C42EB2B7-2C0D-43B0-96A6-201774DFC19F}.Release|Any CPU.Build.0 = Release|Any CPU
	EndGlobalSection
	GlobalSection(SolutionProperties) = preSolution
		HideSolutionNode = FALSE
	EndGlobalSection
	GlobalSection(ExtensibilityGlobals) = postSolution
		SolutionGuid = {0984DF70-7963-475C-8E08-018E3BADADD9}
	EndGlobalSection
EndGlobal
